
Microsoft Visual Studio Solution File, Format Version 12.00
# Visual Studio Version 17
VisualStudioVersion = 17.5.33516.290
MinimumVisualStudioVersion = 10.0.40219.1
Project("{FAE04EC0-301F-11D3-BF4B-00C04F79EFBC}") = "HashtableDemo", "HashtableDemo\HashtableDemo.csproj", "{347DD770-AE60-4C15-BFCA-6AC10EB9311D}"
EndProject
Global
	GlobalSection(SolutionConfigurationPlatforms) = preSolution
		Debug|Any CPU = Debug|Any CPU
		Release|Any CPU = Release|Any CPU
	EndGlobalSection
	GlobalSection(ProjectConfigurationPlatforms) = postSolution
		{347DD770-AE60-4C15-BFCA-6AC10EB9311D}.Debug|Any CPU.ActiveCfg = Debug|Any CPU
		{347DD770-AE60-4C15-BFCA-6AC10EB9311D}.Debug|Any CPU.Build.0 = Debug|Any CPU
		{347DD770-AE60-4C15-BFCA-6AC10EB9311D}.Release|Any CPU.ActiveCfg = Release|Any CPU
		{347DD770-AE60-4C15-BFCA-6AC10EB9311D}.Release|Any CPU.Build.0 = Release|Any CPU
	EndGlobalSection
	GlobalSection(SolutionProperties) = preSolution
		HideSolutionNode = FALSE
	EndGlobalSection
	GlobalSection(ExtensibilityGlobals) = postSolution
		SolutionGuid = {205BF953-264D-42F6-8B2D-26B2C14E1E45}
	EndGlobalSection
EndGlobal
