
Microsoft Visual Studio Solution File, Format Version 12.00
# Visual Studio Version 17
VisualStudioVersion = 17.5.33516.290
MinimumVisualStudioVersion = 10.0.40219.1
Project("{FAE04EC0-301F-11D3-BF4B-00C04F79EFBC}") = "AnonymousMethod", "AnonymousMethod\AnonymousMethod.csproj", "{1D04F09D-4ADE-4D7D-B8F2-E4523C5A7A96}"
EndProject
Global
	GlobalSection(SolutionConfigurationPlatforms) = preSolution
		Debug|Any CPU = Debug|Any CPU
		Release|Any CPU = Release|Any CPU
	EndGlobalSection
	GlobalSection(ProjectConfigurationPlatforms) = postSolution
		{1D04F09D-4ADE-4D7D-B8F2-E4523C5A7A96}.Debug|Any CPU.ActiveCfg = Debug|Any CPU
		{1D04F09D-4ADE-4D7D-B8F2-E4523C5A7A96}.Debug|Any CPU.Build.0 = Debug|Any CPU
		{1D04F09D-4ADE-4D7D-B8F2-E4523C5A7A96}.Release|Any CPU.ActiveCfg = Release|Any CPU
		{1D04F09D-4ADE-4D7D-B8F2-E4523C5A7A96}.Release|Any CPU.Build.0 = Release|Any CPU
	EndGlobalSection
	GlobalSection(SolutionProperties) = preSolution
		HideSolutionNode = FALSE
	EndGlobalSection
	GlobalSection(ExtensibilityGlobals) = postSolution
		SolutionGuid = {A2818D37-4C8F-4497-9BD7-DF83C0CE9FE9}
	EndGlobalSection
EndGlobal
