
Microsoft Visual Studio Solution File, Format Version 12.00
# Visual Studio Version 17
VisualStudioVersion = 17.5.33516.290
MinimumVisualStudioVersion = 10.0.40219.1
Project("{FAE04EC0-301F-11D3-BF4B-00C04F79EFBC}") = "MuliCatchException", "MuliCatchException\MuliCatchException.csproj", "{18DA96BF-65C3-4007-925A-993A3B6CDB0E}"
EndProject
Global
	GlobalSection(SolutionConfigurationPlatforms) = preSolution
		Debug|Any CPU = Debug|Any CPU
		Release|Any CPU = Release|Any CPU
	EndGlobalSection
	GlobalSection(ProjectConfigurationPlatforms) = postSolution
		{18DA96BF-65C3-4007-925A-993A3B6CDB0E}.Debug|Any CPU.ActiveCfg = Debug|Any CPU
		{18DA96BF-65C3-4007-925A-993A3B6CDB0E}.Debug|Any CPU.Build.0 = Debug|Any CPU
		{18DA96BF-65C3-4007-925A-993A3B6CDB0E}.Release|Any CPU.ActiveCfg = Release|Any CPU
		{18DA96BF-65C3-4007-925A-993A3B6CDB0E}.Release|Any CPU.Build.0 = Release|Any CPU
	EndGlobalSection
	GlobalSection(SolutionProperties) = preSolution
		HideSolutionNode = FALSE
	EndGlobalSection
	GlobalSection(ExtensibilityGlobals) = postSolution
		SolutionGuid = {7C68277A-16B2-426D-8701-308A7ADF9EE5}
	EndGlobalSection
EndGlobal
