
Microsoft Visual Studio Solution File, Format Version 12.00
# Visual Studio Version 17
VisualStudioVersion = 17.5.33516.290
MinimumVisualStudioVersion = 10.0.40219.1
Project("{FAE04EC0-301F-11D3-BF4B-00C04F79EFBC}") = "AbsoluteDifference", "AbsoluteDifference\AbsoluteDifference.csproj", "{C251C90E-9E85-4BFB-AE04-1B4D457FCEA4}"
EndProject
Global
	GlobalSection(SolutionConfigurationPlatforms) = preSolution
		Debug|Any CPU = Debug|Any CPU
		Release|Any CPU = Release|Any CPU
	EndGlobalSection
	GlobalSection(ProjectConfigurationPlatforms) = postSolution
		{C251C90E-9E85-4BFB-AE04-1B4D457FCEA4}.Debug|Any CPU.ActiveCfg = Debug|Any CPU
		{C251C90E-9E85-4BFB-AE04-1B4D457FCEA4}.Debug|Any CPU.Build.0 = Debug|Any CPU
		{C251C90E-9E85-4BFB-AE04-1B4D457FCEA4}.Release|Any CPU.ActiveCfg = Release|Any CPU
		{C251C90E-9E85-4BFB-AE04-1B4D457FCEA4}.Release|Any CPU.Build.0 = Release|Any CPU
	EndGlobalSection
	GlobalSection(SolutionProperties) = preSolution
		HideSolutionNode = FALSE
	EndGlobalSection
	GlobalSection(ExtensibilityGlobals) = postSolution
		SolutionGuid = {098278D1-5556-41BB-B8ED-ADA4C741275E}
	EndGlobalSection
EndGlobal
