
Microsoft Visual Studio Solution File, Format Version 12.00
# Visual Studio Version 17
VisualStudioVersion = 17.5.33516.290
MinimumVisualStudioVersion = 10.0.40219.1
Project("{FAE04EC0-301F-11D3-BF4B-00C04F79EFBC}") = "InheritanceSample2", "InheritanceSample2\InheritanceSample2.csproj", "{490209E2-6ABB-4159-9767-14A56B975E0B}"
EndProject
Global
	GlobalSection(SolutionConfigurationPlatforms) = preSolution
		Debug|Any CPU = Debug|Any CPU
		Release|Any CPU = Release|Any CPU
	EndGlobalSection
	GlobalSection(ProjectConfigurationPlatforms) = postSolution
		{490209E2-6ABB-4159-9767-14A56B975E0B}.Debug|Any CPU.ActiveCfg = Debug|Any CPU
		{490209E2-6ABB-4159-9767-14A56B975E0B}.Debug|Any CPU.Build.0 = Debug|Any CPU
		{490209E2-6ABB-4159-9767-14A56B975E0B}.Release|Any CPU.ActiveCfg = Release|Any CPU
		{490209E2-6ABB-4159-9767-14A56B975E0B}.Release|Any CPU.Build.0 = Release|Any CPU
	EndGlobalSection
	GlobalSection(SolutionProperties) = preSolution
		HideSolutionNode = FALSE
	EndGlobalSection
	GlobalSection(ExtensibilityGlobals) = postSolution
		SolutionGuid = {E4A60B48-69D9-40C5-BE58-8E1F81D51392}
	EndGlobalSection
EndGlobal
