
Microsoft Visual Studio Solution File, Format Version 12.00
# Visual Studio Version 17
VisualStudioVersion = 17.5.33516.290
MinimumVisualStudioVersion = 10.0.40219.1
Project("{FAE04EC0-301F-11D3-BF4B-00C04F79EFBC}") = "ReactorDemo", "ReactorDemo\ReactorDemo.csproj", "{53B2DA88-97AF-4D22-AC83-C7D56BF125CB}"
EndProject
Global
	GlobalSection(SolutionConfigurationPlatforms) = preSolution
		Debug|Any CPU = Debug|Any CPU
		Release|Any CPU = Release|Any CPU
	EndGlobalSection
	GlobalSection(ProjectConfigurationPlatforms) = postSolution
		{53B2DA88-97AF-4D22-AC83-C7D56BF125CB}.Debug|Any CPU.ActiveCfg = Debug|Any CPU
		{53B2DA88-97AF-4D22-AC83-C7D56BF125CB}.Debug|Any CPU.Build.0 = Debug|Any CPU
		{53B2DA88-97AF-4D22-AC83-C7D56BF125CB}.Release|Any CPU.ActiveCfg = Release|Any CPU
		{53B2DA88-97AF-4D22-AC83-C7D56BF125CB}.Release|Any CPU.Build.0 = Release|Any CPU
	EndGlobalSection
	GlobalSection(SolutionProperties) = preSolution
		HideSolutionNode = FALSE
	EndGlobalSection
	GlobalSection(ExtensibilityGlobals) = postSolution
		SolutionGuid = {7815F8AB-A0A1-41A7-B35B-C7621600BBAD}
	EndGlobalSection
EndGlobal
