
Microsoft Visual Studio Solution File, Format Version 12.00
# Visual Studio Version 17
VisualStudioVersion = 17.5.33516.290
MinimumVisualStudioVersion = 10.0.40219.1
Project("{FAE04EC0-301F-11D3-BF4B-00C04F79EFBC}") = "Indexer", "Indexer\Indexer.csproj", "{CEC5688D-CF87-4021-ABB2-9455850CFD0A}"
EndProject
Global
	GlobalSection(SolutionConfigurationPlatforms) = preSolution
		Debug|Any CPU = Debug|Any CPU
		Release|Any CPU = Release|Any CPU
	EndGlobalSection
	GlobalSection(ProjectConfigurationPlatforms) = postSolution
		{CEC5688D-CF87-4021-ABB2-9455850CFD0A}.Debug|Any CPU.ActiveCfg = Debug|Any CPU
		{CEC5688D-CF87-4021-ABB2-9455850CFD0A}.Debug|Any CPU.Build.0 = Debug|Any CPU
		{CEC5688D-CF87-4021-ABB2-9455850CFD0A}.Release|Any CPU.ActiveCfg = Release|Any CPU
		{CEC5688D-CF87-4021-ABB2-9455850CFD0A}.Release|Any CPU.Build.0 = Release|Any CPU
	EndGlobalSection
	GlobalSection(SolutionProperties) = preSolution
		HideSolutionNode = FALSE
	EndGlobalSection
	GlobalSection(ExtensibilityGlobals) = postSolution
		SolutionGuid = {C1423687-9AE6-4708-9244-147E73F89D81}
	EndGlobalSection
EndGlobal
