
Microsoft Visual Studio Solution File, Format Version 12.00
# Visual Studio Version 17
VisualStudioVersion = 17.5.33516.290
MinimumVisualStudioVersion = 10.0.40219.1
Project("{FAE04EC0-301F-11D3-BF4B-00C04F79EFBC}") = "InheritanceWithAbstract", "InheritanceWithAbstract\InheritanceWithAbstract.csproj", "{159824CF-47E7-43A8-97FC-CC31BA4D846B}"
EndProject
Global
	GlobalSection(SolutionConfigurationPlatforms) = preSolution
		Debug|Any CPU = Debug|Any CPU
		Release|Any CPU = Release|Any CPU
	EndGlobalSection
	GlobalSection(ProjectConfigurationPlatforms) = postSolution
		{159824CF-47E7-43A8-97FC-CC31BA4D846B}.Debug|Any CPU.ActiveCfg = Debug|Any CPU
		{159824CF-47E7-43A8-97FC-CC31BA4D846B}.Debug|Any CPU.Build.0 = Debug|Any CPU
		{159824CF-47E7-43A8-97FC-CC31BA4D846B}.Release|Any CPU.ActiveCfg = Release|Any CPU
		{159824CF-47E7-43A8-97FC-CC31BA4D846B}.Release|Any CPU.Build.0 = Release|Any CPU
	EndGlobalSection
	GlobalSection(SolutionProperties) = preSolution
		HideSolutionNode = FALSE
	EndGlobalSection
	GlobalSection(ExtensibilityGlobals) = postSolution
		SolutionGuid = {A4EB6CCA-F272-490C-B261-56E7B5FD0052}
	EndGlobalSection
EndGlobal
