
Microsoft Visual Studio Solution File, Format Version 12.00
# Visual Studio Version 17
VisualStudioVersion = 17.5.33516.290
MinimumVisualStudioVersion = 10.0.40219.1
Project("{FAE04EC0-301F-11D3-BF4B-00C04F79EFBC}") = "BubbleSortString", "BubbleSortString\BubbleSortString.csproj", "{E1D7D83D-7D30-4FA7-9586-07C7C99CFE05}"
EndProject
Global
	GlobalSection(SolutionConfigurationPlatforms) = preSolution
		Debug|Any CPU = Debug|Any CPU
		Release|Any CPU = Release|Any CPU
	EndGlobalSection
	GlobalSection(ProjectConfigurationPlatforms) = postSolution
		{E1D7D83D-7D30-4FA7-9586-07C7C99CFE05}.Debug|Any CPU.ActiveCfg = Debug|Any CPU
		{E1D7D83D-7D30-4FA7-9586-07C7C99CFE05}.Debug|Any CPU.Build.0 = Debug|Any CPU
		{E1D7D83D-7D30-4FA7-9586-07C7C99CFE05}.Release|Any CPU.ActiveCfg = Release|Any CPU
		{E1D7D83D-7D30-4FA7-9586-07C7C99CFE05}.Release|Any CPU.Build.0 = Release|Any CPU
	EndGlobalSection
	GlobalSection(SolutionProperties) = preSolution
		HideSolutionNode = FALSE
	EndGlobalSection
	GlobalSection(ExtensibilityGlobals) = postSolution
		SolutionGuid = {383CABE1-100F-47D1-8F20-2DEE8AF6111F}
	EndGlobalSection
EndGlobal
