
Microsoft Visual Studio Solution File, Format Version 12.00
# Visual Studio Version 17
VisualStudioVersion = 17.5.33516.290
MinimumVisualStudioVersion = 10.0.40219.1
Project("{FAE04EC0-301F-11D3-BF4B-00C04F79EFBC}") = "ArrayListClone", "ArrayListClone\ArrayListClone.csproj", "{39B024DC-C98A-47DE-A262-A3071A50F1F1}"
EndProject
Global
	GlobalSection(SolutionConfigurationPlatforms) = preSolution
		Debug|Any CPU = Debug|Any CPU
		Release|Any CPU = Release|Any CPU
	EndGlobalSection
	GlobalSection(ProjectConfigurationPlatforms) = postSolution
		{39B024DC-C98A-47DE-A262-A3071A50F1F1}.Debug|Any CPU.ActiveCfg = Debug|Any CPU
		{39B024DC-C98A-47DE-A262-A3071A50F1F1}.Debug|Any CPU.Build.0 = Debug|Any CPU
		{39B024DC-C98A-47DE-A262-A3071A50F1F1}.Release|Any CPU.ActiveCfg = Release|Any CPU
		{39B024DC-C98A-47DE-A262-A3071A50F1F1}.Release|Any CPU.Build.0 = Release|Any CPU
	EndGlobalSection
	GlobalSection(SolutionProperties) = preSolution
		HideSolutionNode = FALSE
	EndGlobalSection
	GlobalSection(ExtensibilityGlobals) = postSolution
		SolutionGuid = {69B5A8F3-5AE0-4A78-9EAC-631FB4B0DC8D}
	EndGlobalSection
EndGlobal
